// !$*UTF8*$!
{
	archiveVersion = 1;
	classes = {
	};
	objectVersion = 56;
	objects = {

/* Begin PBXBuildFile section */
		DC3375452B039B58003E5213 /* webdev_projectApp.swift in Sources */ = {isa = PBXBuildFile; fileRef = DC3375442B039B58003E5213 /* webdev_projectApp.swift */; };
		DC3375472B039B58003E5213 /* ContentView.swift in Sources */ = {isa = PBXBuildFile; fileRef = DC3375462B039B58003E5213 /* ContentView.swift */; };
		DC3375492B039B5A003E5213 /* Assets.xcassets in Resources */ = {isa = PBXBuildFile; fileRef = DC3375482B039B5A003E5213 /* Assets.xcassets */; };
		DC33754C2B039B5A003E5213 /* Preview Assets.xcassets in Resources */ = {isa = PBXBuildFile; fileRef = DC33754B2B039B5A003E5213 /* Preview Assets.xcassets */; };
		DC3375562B039B5A003E5213 /* webdev_projectTests.swift in Sources */ = {isa = PBXBuildFile; fileRef = DC3375552B039B5A003E5213 /* webdev_projectTests.swift */; };
		DC3375602B039B5A003E5213 /* webdev_projectUITests.swift in Sources */ = {isa = PBXBuildFile; fileRef = DC33755F2B039B5A003E5213 /* webdev_projectUITests.swift */; };
		DC3375622B039B5A003E5213 /* webdev_projectUITestsLaunchTests.swift in Sources */ = {isa = PBXBuildFile; fileRef = DC3375612B039B5A003E5213 /* webdev_projectUITestsLaunchTests.swift */; };
/* End PBXBuildFile section */

/* Begin PBXContainerItemProxy section */
		DC3375522B039B5A003E5213 /* PBXContainerItemProxy */ = {
			isa = PBXContainerItemProxy;
			containerPortal = DC3375392B039B58003E5213 /* Project object */;
			proxyType = 1;
			remoteGlobalIDString = DC3375402B039B58003E5213;
			remoteInfo = "webdev-project";
		};
		DC33755C2B039B5A003E5213 /* PBXContainerItemProxy */ = {
			isa = PBXContainerItemProxy;
			containerPortal = DC3375392B039B58003E5213 /* Project object */;
			proxyType = 1;
			remoteGlobalIDString = DC3375402B039B58003E5213;
			remoteInfo = "webdev-project";
		};
/* End PBXContainerItemProxy section */

/* Begin PBXFileReference section */
		DC3375412B039B58003E5213 /* webdev-project.app */ = {isa = PBXFileReference; explicitFileType = wrapper.application; includeInIndex = 0; path = "webdev-project.app"; sourceTree = BUILT_PRODUCTS_DIR; };
		DC3375442B039B58003E5213 /* webdev_projectApp.swift */ = {isa = PBXFileReference; lastKnownFileType = sourcecode.swift; path = webdev_projectApp.swift; sourceTree = "<group>"; };
		DC3375462B039B58003E5213 /* ContentView.swift */ = {isa = PBXFileReference; lastKnownFileType = sourcecode.swift; path = ContentView.swift; sourceTree = "<group>"; };
		DC3375482B039B5A003E5213 /* Assets.xcassets */ = {isa = PBXFileReference; lastKnownFileType = folder.assetcatalog; path = Assets.xcassets; sourceTree = "<group>"; };
		DC33754B2B039B5A003E5213 /* Preview Assets.xcassets */ = {isa = PBXFileReference; lastKnownFileType = folder.assetcatalog; path = "Preview Assets.xcassets"; sourceTree = "<group>"; };
		DC3375512B039B5A003E5213 /* webdev-projectTests.xctest */ = {isa = PBXFileReference; explicitFileType = wrapper.cfbundle; includeInIndex = 0; path = "webdev-projectTests.xctest"; sourceTree = BUILT_PRODUCTS_DIR; };
		DC3375552B039B5A003E5213 /* webdev_projectTests.swift */ = {isa = PBXFileReference; lastKnownFileType = sourcecode.swift; path = webdev_projectTests.swift; sourceTree = "<group>"; };
		DC33755B2B039B5A003E5213 /* webdev-projectUITests.xctest */ = {isa = PBXFileReference; explicitFileType = wrapper.cfbundle; includeInIndex = 0; path = "webdev-projectUITests.xctest"; sourceTree = BUILT_PRODUCTS_DIR; };
		DC33755F2B039B5A003E5213 /* webdev_projectUITests.swift */ = {isa = PBXFileReference; lastKnownFileType = sourcecode.swift; path = webdev_projectUITests.swift; sourceTree = "<group>"; };
		DC3375612B039B5A003E5213 /* webdev_projectUITestsLaunchTests.swift */ = {isa = PBXFileReference; lastKnownFileType = sourcecode.swift; path = webdev_projectUITestsLaunchTests.swift; sourceTree = "<group>"; };
/* End PBXFileReference section */

/* Begin PBXFrameworksBuildPhase section */
		DC33753E2B039B58003E5213 /* Frameworks */ = {
			isa = PBXFrameworksBuildPhase;
			buildActionMask = 2147483647;
			files = (
			);
			runOnlyForDeploymentPostprocessing = 0;
		};
		DC33754E2B039B5A003E5213 /* Frameworks */ = {
			isa = PBXFrameworksBuildPhase;
			buildActionMask = 2147483647;
			files = (
			);
			runOnlyForDeploymentPostprocessing = 0;
		};
		DC3375582B039B5A003E5213 /* Frameworks */ = {
			isa = PBXFrameworksBuildPhase;
			buildActionMask = 2147483647;
			files = (
			);
			runOnlyForDeploymentPostprocessing = 0;
		};
/* End PBXFrameworksBuildPhase section */

/* Begin PBXGroup section */
		DC3375382B039B58003E5213 = {
			isa = PBXGroup;
			children = (
				DC3375432B039B58003E5213 /* webdev-project */,
				DC3375542B039B5A003E5213 /* webdev-projectTests */,
				DC33755E2B039B5A003E5213 /* webdev-projectUITests */,
				DC3375422B039B58003E5213 /* Products */,
			);
			sourceTree = "<group>";
		};
		DC3375422B039B58003E5213 /* Products */ = {
			isa = PBXGroup;
			children = (
				DC3375412B039B58003E5213 /* webdev-project.app */,
				DC3375512B039B5A003E5213 /* webdev-projectTests.xctest */,
				DC33755B2B039B5A003E5213 /* webdev-projectUITests.xctest */,
			);
			name = Products;
			sourceTree = "<group>";
		};
		DC3375432B039B58003E5213 /* webdev-project */ = {
			isa = PBXGroup;
			children = (
				DC3375442B039B58003E5213 /* webdev_projectApp.swift */,
				DC3375462B039B58003E5213 /* ContentView.swift */,
				DC3375482B039B5A003E5213 /* Assets.xcassets */,
				DC33754A2B039B5A003E5213 /* Preview Content */,
			);
			path = "webdev-project";
			sourceTree = "<group>";
		};
		DC33754A2B039B5A003E5213 /* Preview Content */ = {
			isa = PBXGroup;
			children = (
				DC33754B2B039B5A003E5213 /* Preview Assets.xcassets */,
			);
			path = "Preview Content";
			sourceTree = "<group>";
		};
		DC3375542B039B5A003E5213 /* webdev-projectTests */ = {
			isa = PBXGroup;
			children = (
				DC3375552B039B5A003E5213 /* webdev_projectTests.swift */,
			);
			path = "webdev-projectTests";
			sourceTree = "<group>";
		};
		DC33755E2B039B5A003E5213 /* webdev-projectUITests */ = {
			isa = PBXGroup;
			children = (
				DC33755F2B039B5A003E5213 /* webdev_projectUITests.swift */,
				DC3375612B039B5A003E5213 /* webdev_projectUITestsLaunchTests.swift */,
			);
			path = "webdev-projectUITests";
			sourceTree = "<group>";
		};
/* End PBXGroup section */

/* Begin PBXNativeTarget section */
		DC3375402B039B58003E5213 /* webdev-project */ = {
			isa = PBXNativeTarget;
			buildConfigurationList = DC3375652B039B5A003E5213 /* Build configuration list for PBXNativeTarget "webdev-project" */;
			buildPhases = (
				DC33753D2B039B58003E5213 /* Sources */,
				DC33753E2B039B58003E5213 /* Frameworks */,
				DC33753F2B039B58003E5213 /* Resources */,
			);
			buildRules = (
			);
			dependencies = (
			);
			name = "webdev-project";
			productName = "webdev-project";
			productReference = DC3375412B039B58003E5213 /* webdev-project.app */;
			productType = "com.apple.product-type.application";
		};
		DC3375502B039B5A003E5213 /* webdev-projectTests */ = {
			isa = PBXNativeTarget;
			buildConfigurationList = DC3375682B039B5A003E5213 /* Build configuration list for PBXNativeTarget "webdev-projectTests" */;
			buildPhases = (
				DC33754D2B039B5A003E5213 /* Sources */,
				DC33754E2B039B5A003E5213 /* Frameworks */,
				DC33754F2B039B5A003E5213 /* Resources */,
			);
			buildRules = (
			);
			dependencies = (
				DC3375532B039B5A003E5213 /* PBXTargetDependency */,
			);
			name = "webdev-projectTests";
			productName = "webdev-projectTests";
			productReference = DC3375512B039B5A003E5213 /* webdev-projectTests.xctest */;
			productType = "com.apple.product-type.bundle.unit-test";
		};
		DC33755A2B039B5A003E5213 /* webdev-projectUITests */ = {
			isa = PBXNativeTarget;
			buildConfigurationList = DC33756B2B039B5A003E5213 /* Build configuration list for PBXNativeTarget "webdev-projectUITests" */;
			buildPhases = (
				DC3375572B039B5A003E5213 /* Sources */,
				DC3375582B039B5A003E5213 /* Frameworks */,
				DC3375592B039B5A003E5213 /* Resources */,
			);
			buildRules = (
			);
			dependencies = (
				DC33755D2B039B5A003E5213 /* PBXTargetDependency */,
			);
			name = "webdev-projectUITests";
			productName = "webdev-projectUITests";
			productReference = DC33755B2B039B5A003E5213 /* webdev-projectUITests.xctest */;
			productType = "com.apple.product-type.bundle.ui-testing";
		};
/* End PBXNativeTarget section */

/* Begin PBXProject section */
		DC3375392B039B58003E5213 /* Project object */ = {
			isa = PBXProject;
			attributes = {
				BuildIndependentTargetsInParallel = 1;
				LastSwiftUpdateCheck = 1500;
				LastUpgradeCheck = 1500;
				TargetAttributes = {
					DC3375402B039B58003E5213 = {
						CreatedOnToolsVersion = 15.0.1;
					};
					DC3375502B039B5A003E5213 = {
						CreatedOnToolsVersion = 15.0.1;
						TestTargetID = DC3375402B039B58003E5213;
					};
					DC33755A2B039B5A003E5213 = {
						CreatedOnToolsVersion = 15.0.1;
						TestTargetID = DC3375402B039B58003E5213;
					};
				};
			};
			buildConfigurationList = DC33753C2B039B58003E5213 /* Build configuration list for PBXProject "webdev-project" */;
			compatibilityVersion = "Xcode 14.0";
			developmentRegion = en;
			hasScannedForEncodings = 0;
			knownRegions = (
				en,
				Base,
			);
			mainGroup = DC3375382B039B58003E5213;
			productRefGroup = DC3375422B039B58003E5213 /* Products */;
			projectDirPath = "";
			projectRoot = "";
			targets = (
				DC3375402B039B58003E5213 /* webdev-project */,
				DC3375502B039B5A003E5213 /* webdev-projectTests */,
				DC33755A2B039B5A003E5213 /* webdev-projectUITests */,
			);
		};
/* End PBXProject section */

/* Begin PBXResourcesBuildPhase section */
		DC33753F2B039B58003E5213 /* Resources */ = {
			isa = PBXResourcesBuildPhase;
			buildActionMask = 2147483647;
			files = (
				DC33754C2B039B5A003E5213 /* Preview Assets.xcassets in Resources */,
				DC3375492B039B5A003E5213 /* Assets.xcassets in Resources */,
			);
			runOnlyForDeploymentPostprocessing = 0;
		};
		DC33754F2B039B5A003E5213 /* Resources */ = {
			isa = PBXResourcesBuildPhase;
			buildActionMask = 2147483647;
			files = (
			);
			runOnlyForDeploymentPostprocessing = 0;
		};
		DC3375592B039B5A003E5213 /* Resources */ = {
			isa = PBXResourcesBuildPhase;
			buildActionMask = 2147483647;
			files = (
			);
			runOnlyForDeploymentPostprocessing = 0;
		};
/* End PBXResourcesBuildPhase section */

/* Begin PBXSourcesBuildPhase section */
		DC33753D2B039B58003E5213 /* Sources */ = {
			isa = PBXSourcesBuildPhase;
			buildActionMask = 2147483647;
			files = (
				DC3375472B039B58003E5213 /* ContentView.swift in Sources */,
				DC3375452B039B58003E5213 /* webdev_projectApp.swift in Sources */,
			);
			runOnlyForDeploymentPostprocessing = 0;
		};
		DC33754D2B039B5A003E5213 /* Sources */ = {
			isa = PBXSourcesBuildPhase;
			buildActionMask = 2147483647;
			files = (
				DC3375562B039B5A003E5213 /* webdev_projectTests.swift in Sources */,
			);
			runOnlyForDeploymentPostprocessing = 0;
		};
		DC3375572B039B5A003E5213 /* Sources */ = {
			isa = PBXSourcesBuildPhase;
			buildActionMask = 2147483647;
			files = (
				DC3375602B039B5A003E5213 /* webdev_projectUITests.swift in Sources */,
				DC3375622B039B5A003E5213 /* webdev_projectUITestsLaunchTests.swift in Sources */,
			);
			runOnlyForDeploymentPostprocessing = 0;
		};
/* End PBXSourcesBuildPhase section */

/* Begin PBXTargetDependency section */
		DC3375532B039B5A003E5213 /* PBXTargetDependency */ = {
			isa = PBXTargetDependency;
			target = DC3375402B039B58003E5213 /* webdev-project */;
			targetProxy = DC3375522B039B5A003E5213 /* PBXContainerItemProxy */;
		};
		DC33755D2B039B5A003E5213 /* PBXTargetDependency */ = {
			isa = PBXTargetDependency;
			target = DC3375402B039B58003E5213 /* webdev-project */;
			targetProxy = DC33755C2B039B5A003E5213 /* PBXContainerItemProxy */;
		};
/* End PBXTargetDependency section */

/* Begin XCBuildConfiguration section */
		DC3375632B039B5A003E5213 /* Debug */ = {
			isa = XCBuildConfiguration;
			buildSettings = {
				ALWAYS_SEARCH_USER_PATHS = NO;
				ASSETCATALOG_COMPILER_GENERATE_SWIFT_ASSET_SYMBOL_EXTENSIONS = YES;
				CLANG_ANALYZER_NONNULL = YES;
				CLANG_ANALYZER_NUMBER_OBJECT_CONVERSION = YES_AGGRESSIVE;
				CLANG_CXX_LANGUAGE_STANDARD = "gnu++20";
				CLANG_ENABLE_MODULES = YES;
				CLANG_ENABLE_OBJC_ARC = YES;
				CLANG_ENABLE_OBJC_WEAK = YES;
				CLANG_WARN_BLOCK_CAPTURE_AUTORELEASING = YES;
				CLANG_WARN_BOOL_CONVERSION = YES;
				CLANG_WARN_COMMA = YES;
				CLANG_WARN_CONSTANT_CONVERSION = YES;
				CLANG_WARN_DEPRECATED_OBJC_IMPLEMENTATIONS = YES;
				CLANG_WARN_DIRECT_OBJC_ISA_USAGE = YES_ERROR;
				CLANG_WARN_DOCUMENTATION_COMMENTS = YES;
				CLANG_WARN_EMPTY_BODY = YES;
				CLANG_WARN_ENUM_CONVERSION = YES;
				CLANG_WARN_INFINITE_RECURSION = YES;
				CLANG_WARN_INT_CONVERSION = YES;
				CLANG_WARN_NON_LITERAL_NULL_CONVERSION = YES;
				CLANG_WARN_OBJC_IMPLICIT_RETAIN_SELF = YES;
				CLANG_WARN_OBJC_LITERAL_CONVERSION = YES;
				CLANG_WARN_OBJC_ROOT_CLASS = YES_ERROR;
				CLANG_WARN_QUOTED_INCLUDE_IN_FRAMEWORK_HEADER = YES;
				CLANG_WARN_RANGE_LOOP_ANALYSIS = YES;
				CLANG_WARN_STRICT_PROTOTYPES = YES;
				CLANG_WARN_SUSPICIOUS_MOVE = YES;
				CLANG_WARN_UNGUARDED_AVAILABILITY = YES_AGGRESSIVE;
				CLANG_WARN_UNREACHABLE_CODE = YES;
				CLANG_WARN__DUPLICATE_METHOD_MATCH = YES;
				COPY_PHASE_STRIP = NO;
				DEBUG_INFORMATION_FORMAT = dwarf;
				ENABLE_STRICT_OBJC_MSGSEND = YES;
				ENABLE_TESTABILITY = YES;
				ENABLE_USER_SCRIPT_SANDBOXING = YES;
				GCC_C_LANGUAGE_STANDARD = gnu17;
				GCC_DYNAMIC_NO_PIC = NO;
				GCC_NO_COMMON_BLOCKS = YES;
				GCC_OPTIMIZATION_LEVEL = 0;
				GCC_PREPROCESSOR_DEFINITIONS = (
					"DEBUG=1",
					"$(inherited)",
				);
				GCC_WARN_64_TO_32_BIT_CONVERSION = YES;
				GCC_WARN_ABOUT_RETURN_TYPE = YES_ERROR;
				GCC_WARN_UNDECLARED_SELECTOR = YES;
				GCC_WARN_UNINITIALIZED_AUTOS = YES_AGGRESSIVE;
				GCC_WARN_UNUSED_FUNCTION = YES;
				GCC_WARN_UNUSED_VARIABLE = YES;
				IPHONEOS_DEPLOYMENT_TARGET = 17.0;
				LOCALIZATION_PREFERS_STRING_CATALOGS = YES;
				MTL_ENABLE_DEBUG_INFO = INCLUDE_SOURCE;
				MTL_FAST_MATH = YES;
				ONLY_ACTIVE_ARCH = YES;
				SDKROOT = iphoneos;
				SWIFT_ACTIVE_COMPILATION_CONDITIONS = "DEBUG $(inherited)";
				SWIFT_OPTIMIZATION_LEVEL = "-Onone";
			};
			name = Debug;
		};
		DC3375642B039B5A003E5213 /* Release */ = {
			isa = XCBuildConfiguration;
			buildSettings = {
				ALWAYS_SEARCH_USER_PATHS = NO;
				ASSETCATALOG_COMPILER_GENERATE_SWIFT_ASSET_SYMBOL_EXTENSIONS = YES;
				CLANG_ANALYZER_NONNULL = YES;
				CLANG_ANALYZER_NUMBER_OBJECT_CONVERSION = YES_AGGRESSIVE;
				CLANG_CXX_LANGUAGE_STANDARD = "gnu++20";
				CLANG_ENABLE_MODULES = YES;
				CLANG_ENABLE_OBJC_ARC = YES;
				CLANG_ENABLE_OBJC_WEAK = YES;
				CLANG_WARN_BLOCK_CAPTURE_AUTORELEASING = YES;
				CLANG_WARN_BOOL_CONVERSION = YES;
				CLANG_WARN_COMMA = YES;
				CLANG_WARN_CONSTANT_CONVERSION = YES;
				CLANG_WARN_DEPRECATED_OBJC_IMPLEMENTATIONS = YES;
				CLANG_WARN_DIRECT_OBJC_ISA_USAGE = YES_ERROR;
				CLANG_WARN_DOCUMENTATION_COMMENTS = YES;
				CLANG_WARN_EMPTY_BODY = YES;
				CLANG_WARN_ENUM_CONVERSION = YES;
				CLANG_WARN_INFINITE_RECURSION = YES;
				CLANG_WARN_INT_CONVERSION = YES;
				CLANG_WARN_NON_LITERAL_NULL_CONVERSION = YES;
				CLANG_WARN_OBJC_IMPLICIT_RETAIN_SELF = YES;
				CLANG_WARN_OBJC_LITERAL_CONVERSION = YES;
				CLANG_WARN_OBJC_ROOT_CLASS = YES_ERROR;
				CLANG_WARN_QUOTED_INCLUDE_IN_FRAMEWORK_HEADER = YES;
				CLANG_WARN_RANGE_LOOP_ANALYSIS = YES;
				CLANG_WARN_STRICT_PROTOTYPES = YES;
				CLANG_WARN_SUSPICIOUS_MOVE = YES;
				CLANG_WARN_UNGUARDED_AVAILABILITY = YES_AGGRESSIVE;
				CLANG_WARN_UNREACHABLE_CODE = YES;
				CLANG_WARN__DUPLICATE_METHOD_MATCH = YES;
				COPY_PHASE_STRIP = NO;
				DEBUG_INFORMATION_FORMAT = "dwarf-with-dsym";
				ENABLE_NS_ASSERTIONS = NO;
				ENABLE_STRICT_OBJC_MSGSEND = YES;
				ENABLE_USER_SCRIPT_SANDBOXING = YES;
				GCC_C_LANGUAGE_STANDARD = gnu17;
				GCC_NO_COMMON_BLOCKS = YES;
				GCC_WARN_64_TO_32_BIT_CONVERSION = YES;
				GCC_WARN_ABOUT_RETURN_TYPE = YES_ERROR;
				GCC_WARN_UNDECLARED_SELECTOR = YES;
				GCC_WARN_UNINITIALIZED_AUTOS = YES_AGGRESSIVE;
				GCC_WARN_UNUSED_FUNCTION = YES;
				GCC_WARN_UNUSED_VARIABLE = YES;
				IPHONEOS_DEPLOYMENT_TARGET = 17.0;
				LOCALIZATION_PREFERS_STRING_CATALOGS = YES;
				MTL_ENABLE_DEBUG_INFO = NO;
				MTL_FAST_MATH = YES;
				SDKROOT = iphoneos;
				SWIFT_COMPILATION_MODE = wholemodule;
				VALIDATE_PRODUCT = YES;
			};
			name = Release;
		};
		DC3375662B039B5A003E5213 /* Debug */ = {
			isa = XCBuildConfiguration;
			buildSettings = {
				ASSETCATALOG_COMPILER_APPICON_NAME = AppIcon;
				ASSETCATALOG_COMPILER_GLOBAL_ACCENT_COLOR_NAME = AccentColor;
				CODE_SIGN_STYLE = Automatic;
				CURRENT_PROJECT_VERSION = 1;
				DEVELOPMENT_ASSET_PATHS = "\"webdev-project/Preview Content\"";
				ENABLE_PREVIEWS = YES;
				GENERATE_INFOPLIST_FILE = YES;
				INFOPLIST_KEY_UIApplicationSceneManifest_Generation = YES;
				INFOPLIST_KEY_UIApplicationSupportsIndirectInputEvents = YES;
				INFOPLIST_KEY_UILaunchScreen_Generation = YES;
				INFOPLIST_KEY_UISupportedInterfaceOrientations_iPad = "UIInterfaceOrientationPortrait UIInterfaceOrientationPortraitUpsideDown UIInterfaceOrientationLandscapeLeft UIInterfaceOrientationLandscapeRight";
				INFOPLIST_KEY_UISupportedInterfaceOrientations_iPhone = "UIInterfaceOrientationPortrait UIInterfaceOrientationLandscapeLeft UIInterfaceOrientationLandscapeRight";
				LD_RUNPATH_SEARCH_PATHS = (
					"$(inherited)",
					"@executable_path/Frameworks",
				);
				MARKETING_VERSION = 1.0;
				PRODUCT_BUNDLE_IDENTIFIER = "attekil.webdev-project";
				PRODUCT_NAME = "$(TARGET_NAME)";
				SWIFT_EMIT_LOC_STRINGS = YES;
				SWIFT_VERSION = 5.0;
				TARGETED_DEVICE_FAMILY = "1,2";
			};
			name = Debug;
		};
		DC3375672B039B5A003E5213 /* Release */ = {
			isa = XCBuildConfiguration;
			buildSettings = {
				ASSETCATALOG_COMPILER_APPICON_NAME = AppIcon;
				ASSETCATALOG_COMPILER_GLOBAL_ACCENT_COLOR_NAME = AccentColor;
				CODE_SIGN_STYLE = Automatic;
				CURRENT_PROJECT_VERSION = 1;
				DEVELOPMENT_ASSET_PATHS = "\"webdev-project/Preview Content\"";
				ENABLE_PREVIEWS = YES;
				GENERATE_INFOPLIST_FILE = YES;
				INFOPLIST_KEY_UIApplicationSceneManifest_Generation = YES;
				INFOPLIST_KEY_UIApplicationSupportsIndirectInputEvents = YES;
				INFOPLIST_KEY_UILaunchScreen_Generation = YES;
				INFOPLIST_KEY_UISupportedInterfaceOrientations_iPad = "UIInterfaceOrientationPortrait UIInterfaceOrientationPortraitUpsideDown UIInterfaceOrientationLandscapeLeft UIInterfaceOrientationLandscapeRight";
				INFOPLIST_KEY_UISupportedInterfaceOrientations_iPhone = "UIInterfaceOrientationPortrait UIInterfaceOrientationLandscapeLeft UIInterfaceOrientationLandscapeRight";
				LD_RUNPATH_SEARCH_PATHS = (
					"$(inherited)",
					"@executable_path/Frameworks",
				);
				MARKETING_VERSION = 1.0;
				PRODUCT_BUNDLE_IDENTIFIER = "attekil.webdev-project";
				PRODUCT_NAME = "$(TARGET_NAME)";
				SWIFT_EMIT_LOC_STRINGS = YES;
				SWIFT_VERSION = 5.0;
				TARGETED_DEVICE_FAMILY = "1,2";
			};
			name = Release;
		};
		DC3375692B039B5A003E5213 /* Debug */ = {
			isa = XCBuildConfiguration;
			buildSettings = {
				ALWAYS_EMBED_SWIFT_STANDARD_LIBRARIES = YES;
				BUNDLE_LOADER = "$(TEST_HOST)";
				CODE_SIGN_STYLE = Automatic;
				CURRENT_PROJECT_VERSION = 1;
				GENERATE_INFOPLIST_FILE = YES;
				IPHONEOS_DEPLOYMENT_TARGET = 17.0;
				MARKETING_VERSION = 1.0;
				PRODUCT_BUNDLE_IDENTIFIER = "attekil.webdev-projectTests";
				PRODUCT_NAME = "$(TARGET_NAME)";
				SWIFT_EMIT_LOC_STRINGS = NO;
				SWIFT_VERSION = 5.0;
				TARGETED_DEVICE_FAMILY = "1,2";
				TEST_HOST = "$(BUILT_PRODUCTS_DIR)/webdev-project.app/$(BUNDLE_EXECUTABLE_FOLDER_PATH)/webdev-project";
			};
			name = Debug;
		};
		DC33756A2B039B5A003E5213 /* Release */ = {
			isa = XCBuildConfiguration;
			buildSettings = {
				ALWAYS_EMBED_SWIFT_STANDARD_LIBRARIES = YES;
				BUNDLE_LOADER = "$(TEST_HOST)";
				CODE_SIGN_STYLE = Automatic;
				CURRENT_PROJECT_VERSION = 1;
				GENERATE_INFOPLIST_FILE = YES;
				IPHONEOS_DEPLOYMENT_TARGET = 17.0;
				MARKETING_VERSION = 1.0;
				PRODUCT_BUNDLE_IDENTIFIER = "attekil.webdev-projectTests";
				PRODUCT_NAME = "$(TARGET_NAME)";
				SWIFT_EMIT_LOC_STRINGS = NO;
				SWIFT_VERSION = 5.0;
				TARGETED_DEVICE_FAMILY = "1,2";
				TEST_HOST = "$(BUILT_PRODUCTS_DIR)/webdev-project.app/$(BUNDLE_EXECUTABLE_FOLDER_PATH)/webdev-project";
			};
			name = Release;
		};
		DC33756C2B039B5A003E5213 /* Debug */ = {
			isa = XCBuildConfiguration;
			buildSettings = {
				ALWAYS_EMBED_SWIFT_STANDARD_LIBRARIES = YES;
				CODE_SIGN_STYLE = Automatic;
				CURRENT_PROJECT_VERSION = 1;
				GENERATE_INFOPLIST_FILE = YES;
				MARKETING_VERSION = 1.0;
				PRODUCT_BUNDLE_IDENTIFIER = "attekil.webdev-projectUITests";
				PRODUCT_NAME = "$(TARGET_NAME)";
				SWIFT_EMIT_LOC_STRINGS = NO;
				SWIFT_VERSION = 5.0;
				TARGETED_DEVICE_FAMILY = "1,2";
				TEST_TARGET_NAME = "webdev-project";
			};
			name = Debug;
		};
		DC33756D2B039B5A003E5213 /* Release */ = {
			isa = XCBuildConfiguration;
			buildSettings = {
				ALWAYS_EMBED_SWIFT_STANDARD_LIBRARIES = YES;
				CODE_SIGN_STYLE = Automatic;
				CURRENT_PROJECT_VERSION = 1;
				GENERATE_INFOPLIST_FILE = YES;
				MARKETING_VERSION = 1.0;
				PRODUCT_BUNDLE_IDENTIFIER = "attekil.webdev-projectUITests";
				PRODUCT_NAME = "$(TARGET_NAME)";
				SWIFT_EMIT_LOC_STRINGS = NO;
				SWIFT_VERSION = 5.0;
				TARGETED_DEVICE_FAMILY = "1,2";
				TEST_TARGET_NAME = "webdev-project";
			};
			name = Release;
		};
/* End XCBuildConfiguration section */

/* Begin XCConfigurationList section */
		DC33753C2B039B58003E5213 /* Build configuration list for PBXProject "webdev-project" */ = {
			isa = XCConfigurationList;
			buildConfigurations = (
				DC3375632B039B5A003E5213 /* Debug */,
				DC3375642B039B5A003E5213 /* Release */,
			);
			defaultConfigurationIsVisible = 0;
			defaultConfigurationName = Release;
		};
		DC3375652B039B5A003E5213 /* Build configuration list for PBXNativeTarget "webdev-project" */ = {
			isa = XCConfigurationList;
			buildConfigurations = (
				DC3375662B039B5A003E5213 /* Debug */,
				DC3375672B039B5A003E5213 /* Release */,
			);
			defaultConfigurationIsVisible = 0;
			defaultConfigurationName = Release;
		};
		DC3375682B039B5A003E5213 /* Build configuration list for PBXNativeTarget "webdev-projectTests" */ = {
			isa = XCConfigurationList;
			buildConfigurations = (
				DC3375692B039B5A003E5213 /* Debug */,
				DC33756A2B039B5A003E5213 /* Release */,
			);
			defaultConfigurationIsVisible = 0;
			defaultConfigurationName = Release;
		};
		DC33756B2B039B5A003E5213 /* Build configuration list for PBXNativeTarget "webdev-projectUITests" */ = {
			isa = XCConfigurationList;
			buildConfigurations = (
				DC33756C2B039B5A003E5213 /* Debug */,
				DC33756D2B039B5A003E5213 /* Release */,
			);
			defaultConfigurationIsVisible = 0;
			defaultConfigurationName = Release;
		};
/* End XCConfigurationList section */
	};
	rootObject = DC3375392B039B58003E5213 /* Project object */;
}
